Microsoft Visual Studio Solution File, Format Version 12.00
# Visual Studio Version 17
VisualStudioVersion = 17.5.2.0
MinimumVisualStudioVersion = 10.0.40219.1
Project("{FAE04EC0-301F-11D3-BF4B-00C04F79EFBC}") = "3560.03-group1-project", "3560.03-group1-project.csproj", "{EB0EEDCD-02E5-21F9-8B17-2EE4B3A08934}"
EndProject
Global
	GlobalSection(SolutionConfigurationPlatforms) = preSolution
		Debug|Any CPU = Debug|Any CPU
		Release|Any CPU = Release|Any CPU
	EndGlobalSection
	GlobalSection(ProjectConfigurationPlatforms) = postSolution
		{EB0EEDCD-02E5-21F9-8B17-2EE4B3A08934}.Debug|Any CPU.ActiveCfg = Debug|Any CPU
		{EB0EEDCD-02E5-21F9-8B17-2EE4B3A08934}.Debug|Any CPU.Build.0 = Debug|Any CPU
		{EB0EEDCD-02E5-21F9-8B17-2EE4B3A08934}.Release|Any CPU.ActiveCfg = Release|Any CPU
		{EB0EEDCD-02E5-21F9-8B17-2EE4B3A08934}.Release|Any CPU.Build.0 = Release|Any CPU
	EndGlobalSection
	GlobalSection(SolutionProperties) = preSolution
		HideSolutionNode = FALSE
	EndGlobalSection
	GlobalSection(ExtensibilityGlobals) = postSolution
		SolutionGuid = {18A77D8F-1A16-4A51-AD48-25F48965B489}
	EndGlobalSection
EndGlobal
